
Microsoft Visual Studio Solution File, Format Version 12.00
# Visual Studio Version 16
VisualStudioVersion = 16.0.30804.86
MinimumVisualStudioVersion = 10.0.40219.1
Project("{FAE04EC0-301F-11D3-BF4B-00C04F79EFBC}") = "CollegeSearchWinForm", "CollegeSearchWinForm\CollegeSearchWinForm.csproj", "{FD5B4C4D-8A95-44F2-B198-2AC65835859A}"
EndProject
Project("{FAE04EC0-301F-11D3-BF4B-00C04F79EFBC}") = "CollegeSearchConsole", "CollegeSearchConsole\CollegeSearchConsole.csproj", "{6D3C7260-6A9B-405E-9854-226ED0864C5C}"
EndProject
Global
	GlobalSection(SolutionConfigurationPlatforms) = preSolution
		Debug|Any CPU = Debug|Any CPU
		Release|Any CPU = Release|Any CPU
	EndGlobalSection
	GlobalSection(ProjectConfigurationPlatforms) = postSolution
		{FD5B4C4D-8A95-44F2-B198-2AC65835859A}.Debug|Any CPU.ActiveCfg = Debug|Any CPU
		{FD5B4C4D-8A95-44F2-B198-2AC65835859A}.Debug|Any CPU.Build.0 = Debug|Any CPU
		{FD5B4C4D-8A95-44F2-B198-2AC65835859A}.Release|Any CPU.ActiveCfg = Release|Any CPU
		{FD5B4C4D-8A95-44F2-B198-2AC65835859A}.Release|Any CPU.Build.0 = Release|Any CPU
		{6D3C7260-6A9B-405E-9854-226ED0864C5C}.Debug|Any CPU.ActiveCfg = Debug|Any CPU
		{6D3C7260-6A9B-405E-9854-226ED0864C5C}.Debug|Any CPU.Build.0 = Debug|Any CPU
		{6D3C7260-6A9B-405E-9854-226ED0864C5C}.Release|Any CPU.ActiveCfg = Release|Any CPU
		{6D3C7260-6A9B-405E-9854-226ED0864C5C}.Release|Any CPU.Build.0 = Release|Any CPU
	EndGlobalSection
	GlobalSection(SolutionProperties) = preSolution
		HideSolutionNode = FALSE
	EndGlobalSection
	GlobalSection(ExtensibilityGlobals) = postSolution
		SolutionGuid = {AD3C73FA-06AF-49D5-A390-4BFD0B31EA57}
	EndGlobalSection
EndGlobal
