
Microsoft Visual Studio Solution File, Format Version 12.00
# Visual Studio Version 16
VisualStudioVersion = 16.0.30611.23
MinimumVisualStudioVersion = 10.0.40219.1
Project("{FAE04EC0-301F-11D3-BF4B-00C04F79EFBC}") = "CalculatorApp", "CalculatorApp\CalculatorApp.csproj", "{347568F6-386E-4CA4-9648-6FD0AEA2FE86}"
EndProject
Global
	GlobalSection(SolutionConfigurationPlatforms) = preSolution
		Debug|Any CPU = Debug|Any CPU
		Release|Any CPU = Release|Any CPU
	EndGlobalSection
	GlobalSection(ProjectConfigurationPlatforms) = postSolution
		{347568F6-386E-4CA4-9648-6FD0AEA2FE86}.Debug|Any CPU.ActiveCfg = Debug|Any CPU
		{347568F6-386E-4CA4-9648-6FD0AEA2FE86}.Debug|Any CPU.Build.0 = Debug|Any CPU
		{347568F6-386E-4CA4-9648-6FD0AEA2FE86}.Release|Any CPU.ActiveCfg = Release|Any CPU
		{347568F6-386E-4CA4-9648-6FD0AEA2FE86}.Release|Any CPU.Build.0 = Release|Any CPU
	EndGlobalSection
	GlobalSection(SolutionProperties) = preSolution
		HideSolutionNode = FALSE
	EndGlobalSection
	GlobalSection(ExtensibilityGlobals) = postSolution
		SolutionGuid = {092373FC-57C8-4022-A8B7-26113039607B}
	EndGlobalSection
EndGlobal
