
Microsoft Visual Studio Solution File, Format Version 12.00
# Visual Studio Version 16
VisualStudioVersion = 16.0.30804.86
MinimumVisualStudioVersion = 10.0.40219.1
Project("{FAE04EC0-301F-11D3-BF4B-00C04F79EFBC}") = "OpenWeather.Android", "OpenWeather\OpenWeather.Android\OpenWeather.Android.csproj", "{2A3C0FF7-3EAB-47AE-AFB1-96455F9A15AE}"
EndProject
Project("{FAE04EC0-301F-11D3-BF4B-00C04F79EFBC}") = "OpenWeather.iOS", "OpenWeather\OpenWeather.iOS\OpenWeather.iOS.csproj", "{91D3B2F2-AD05-408D-80FB-100E19AAE5CF}"
EndProject
Project("{FAE04EC0-301F-11D3-BF4B-00C04F79EFBC}") = "OpenWeather", "OpenWeather\OpenWeather\OpenWeather.csproj", "{CBF11BB8-98A0-4654-9587-EEFAB3274E72}"
EndProject
Global
	GlobalSection(SolutionConfigurationPlatforms) = preSolution
		Debug|Any CPU = Debug|Any CPU
		Debug|iPhone = Debug|iPhone
		Debug|iPhoneSimulator = Debug|iPhoneSimulator
		Release|Any CPU = Release|Any CPU
		Release|iPhone = Release|iPhone
		Release|iPhoneSimulator = Release|iPhoneSimulator
	EndGlobalSection
	GlobalSection(ProjectConfigurationPlatforms) = postSolution
		{2A3C0FF7-3EAB-47AE-AFB1-96455F9A15AE}.Debug|Any CPU.ActiveCfg = Debug|Any CPU
		{2A3C0FF7-3EAB-47AE-AFB1-96455F9A15AE}.Debug|Any CPU.Build.0 = Debug|Any CPU
		{2A3C0FF7-3EAB-47AE-AFB1-96455F9A15AE}.Debug|Any CPU.Deploy.0 = Debug|Any CPU
		{2A3C0FF7-3EAB-47AE-AFB1-96455F9A15AE}.Debug|iPhone.ActiveCfg = Debug|Any CPU
		{2A3C0FF7-3EAB-47AE-AFB1-96455F9A15AE}.Debug|iPhone.Build.0 = Debug|Any CPU
		{2A3C0FF7-3EAB-47AE-AFB1-96455F9A15AE}.Debug|iPhone.Deploy.0 = Debug|Any CPU
		{2A3C0FF7-3EAB-47AE-AFB1-96455F9A15AE}.Debug|iPhoneSimulator.ActiveCfg = Debug|Any CPU
		{2A3C0FF7-3EAB-47AE-AFB1-96455F9A15AE}.Debug|iPhoneSimulator.Build.0 = Debug|Any CPU
		{2A3C0FF7-3EAB-47AE-AFB1-96455F9A15AE}.Debug|iPhoneSimulator.Deploy.0 = Debug|Any CPU
		{2A3C0FF7-3EAB-47AE-AFB1-96455F9A15AE}.Release|Any CPU.ActiveCfg = Release|Any CPU
		{2A3C0FF7-3EAB-47AE-AFB1-96455F9A15AE}.Release|Any CPU.Build.0 = Release|Any CPU
		{2A3C0FF7-3EAB-47AE-AFB1-96455F9A15AE}.Release|Any CPU.Deploy.0 = Release|Any CPU
		{2A3C0FF7-3EAB-47AE-AFB1-96455F9A15AE}.Release|iPhone.ActiveCfg = Release|Any CPU
		{2A3C0FF7-3EAB-47AE-AFB1-96455F9A15AE}.Release|iPhone.Build.0 = Release|Any CPU
		{2A3C0FF7-3EAB-47AE-AFB1-96455F9A15AE}.Release|iPhone.Deploy.0 = Release|Any CPU
		{2A3C0FF7-3EAB-47AE-AFB1-96455F9A15AE}.Release|iPhoneSimulator.ActiveCfg = Release|Any CPU
		{2A3C0FF7-3EAB-47AE-AFB1-96455F9A15AE}.Release|iPhoneSimulator.Build.0 = Release|Any CPU
		{2A3C0FF7-3EAB-47AE-AFB1-96455F9A15AE}.Release|iPhoneSimulator.Deploy.0 = Release|Any CPU
		{91D3B2F2-AD05-408D-80FB-100E19AAE5CF}.Debug|Any CPU.ActiveCfg = Debug|iPhone
		{91D3B2F2-AD05-408D-80FB-100E19AAE5CF}.Debug|Any CPU.Build.0 = Debug|iPhone
		{91D3B2F2-AD05-408D-80FB-100E19AAE5CF}.Debug|Any CPU.Deploy.0 = Debug|iPhone
		{91D3B2F2-AD05-408D-80FB-100E19AAE5CF}.Debug|iPhone.ActiveCfg = Debug|iPhone
		{91D3B2F2-AD05-408D-80FB-100E19AAE5CF}.Debug|iPhone.Build.0 = Debug|iPhone
		{91D3B2F2-AD05-408D-80FB-100E19AAE5CF}.Debug|iPhone.Deploy.0 = Debug|iPhone
		{91D3B2F2-AD05-408D-80FB-100E19AAE5CF}.Debug|iPhoneSimulator.ActiveCfg = Debug|iPhoneSimulator
		{91D3B2F2-AD05-408D-80FB-100E19AAE5CF}.Debug|iPhoneSimulator.Build.0 = Debug|iPhoneSimulator
		{91D3B2F2-AD05-408D-80FB-100E19AAE5CF}.Debug|iPhoneSimulator.Deploy.0 = Debug|iPhoneSimulator
		{91D3B2F2-AD05-408D-80FB-100E19AAE5CF}.Release|Any CPU.ActiveCfg = Release|iPhoneSimulator
		{91D3B2F2-AD05-408D-80FB-100E19AAE5CF}.Release|Any CPU.Build.0 = Release|iPhoneSimulator
		{91D3B2F2-AD05-408D-80FB-100E19AAE5CF}.Release|Any CPU.Deploy.0 = Release|iPhoneSimulator
		{91D3B2F2-AD05-408D-80FB-100E19AAE5CF}.Release|iPhone.ActiveCfg = Release|iPhone
		{91D3B2F2-AD05-408D-80FB-100E19AAE5CF}.Release|iPhone.Build.0 = Release|iPhone
		{91D3B2F2-AD05-408D-80FB-100E19AAE5CF}.Release|iPhone.Deploy.0 = Release|iPhone
		{91D3B2F2-AD05-408D-80FB-100E19AAE5CF}.Release|iPhoneSimulator.ActiveCfg = Release|iPhoneSimulator
		{91D3B2F2-AD05-408D-80FB-100E19AAE5CF}.Release|iPhoneSimulator.Build.0 = Release|iPhoneSimulator
		{91D3B2F2-AD05-408D-80FB-100E19AAE5CF}.Release|iPhoneSimulator.Deploy.0 = Release|iPhoneSimulator
		{CBF11BB8-98A0-4654-9587-EEFAB3274E72}.Debug|Any CPU.ActiveCfg = Debug|Any CPU
		{CBF11BB8-98A0-4654-9587-EEFAB3274E72}.Debug|Any CPU.Build.0 = Debug|Any CPU
		{CBF11BB8-98A0-4654-9587-EEFAB3274E72}.Debug|Any CPU.Deploy.0 = Debug|Any CPU
		{CBF11BB8-98A0-4654-9587-EEFAB3274E72}.Debug|iPhone.ActiveCfg = Debug|Any CPU
		{CBF11BB8-98A0-4654-9587-EEFAB3274E72}.Debug|iPhone.Build.0 = Debug|Any CPU
		{CBF11BB8-98A0-4654-9587-EEFAB3274E72}.Debug|iPhone.Deploy.0 = Debug|Any CPU
		{CBF11BB8-98A0-4654-9587-EEFAB3274E72}.Debug|iPhoneSimulator.ActiveCfg = Debug|Any CPU
		{CBF11BB8-98A0-4654-9587-EEFAB3274E72}.Debug|iPhoneSimulator.Build.0 = Debug|Any CPU
		{CBF11BB8-98A0-4654-9587-EEFAB3274E72}.Debug|iPhoneSimulator.Deploy.0 = Debug|Any CPU
		{CBF11BB8-98A0-4654-9587-EEFAB3274E72}.Release|Any CPU.ActiveCfg = Release|Any CPU
		{CBF11BB8-98A0-4654-9587-EEFAB3274E72}.Release|Any CPU.Build.0 = Release|Any CPU
		{CBF11BB8-98A0-4654-9587-EEFAB3274E72}.Release|Any CPU.Deploy.0 = Release|Any CPU
		{CBF11BB8-98A0-4654-9587-EEFAB3274E72}.Release|iPhone.ActiveCfg = Release|Any CPU
		{CBF11BB8-98A0-4654-9587-EEFAB3274E72}.Release|iPhone.Build.0 = Release|Any CPU
		{CBF11BB8-98A0-4654-9587-EEFAB3274E72}.Release|iPhone.Deploy.0 = Release|Any CPU
		{CBF11BB8-98A0-4654-9587-EEFAB3274E72}.Release|iPhoneSimulator.ActiveCfg = Release|Any CPU
		{CBF11BB8-98A0-4654-9587-EEFAB3274E72}.Release|iPhoneSimulator.Build.0 = Release|Any CPU
		{CBF11BB8-98A0-4654-9587-EEFAB3274E72}.Release|iPhoneSimulator.Deploy.0 = Release|Any CPU
	EndGlobalSection
	GlobalSection(SolutionProperties) = preSolution
		HideSolutionNode = FALSE
	EndGlobalSection
	GlobalSection(ExtensibilityGlobals) = postSolution
		SolutionGuid = {BCCAF4B4-E1D6-493C-9F5E-C9DABF6AC5D8}
	EndGlobalSection
EndGlobal
