
Microsoft Visual Studio Solution File, Format Version 12.00
# Visual Studio Version 16
VisualStudioVersion = 16.0.30804.86
MinimumVisualStudioVersion = 10.0.40219.1
Project("{FAE04EC0-301F-11D3-BF4B-00C04F79EFBC}") = "JBStateCapSearchWinForm", "JBStateCapSearchWinForm\JBStateCapSearchWinForm.csproj", "{D5B77B03-9550-49BA-9DA3-7B4C49F4EB7D}"
EndProject
Project("{FAE04EC0-301F-11D3-BF4B-00C04F79EFBC}") = "JBStateCapSearchConsole", "JBStateCapSearchConsole\JBStateCapSearchConsole.csproj", "{A09622A2-2C60-4B9A-BA44-4A6062BF7EF5}"
EndProject
Global
	GlobalSection(SolutionConfigurationPlatforms) = preSolution
		Debug|Any CPU = Debug|Any CPU
		Release|Any CPU = Release|Any CPU
	EndGlobalSection
	GlobalSection(ProjectConfigurationPlatforms) = postSolution
		{D5B77B03-9550-49BA-9DA3-7B4C49F4EB7D}.Debug|Any CPU.ActiveCfg = Debug|Any CPU
		{D5B77B03-9550-49BA-9DA3-7B4C49F4EB7D}.Debug|Any CPU.Build.0 = Debug|Any CPU
		{D5B77B03-9550-49BA-9DA3-7B4C49F4EB7D}.Release|Any CPU.ActiveCfg = Release|Any CPU
		{D5B77B03-9550-49BA-9DA3-7B4C49F4EB7D}.Release|Any CPU.Build.0 = Release|Any CPU
		{A09622A2-2C60-4B9A-BA44-4A6062BF7EF5}.Debug|Any CPU.ActiveCfg = Debug|Any CPU
		{A09622A2-2C60-4B9A-BA44-4A6062BF7EF5}.Debug|Any CPU.Build.0 = Debug|Any CPU
		{A09622A2-2C60-4B9A-BA44-4A6062BF7EF5}.Release|Any CPU.ActiveCfg = Release|Any CPU
		{A09622A2-2C60-4B9A-BA44-4A6062BF7EF5}.Release|Any CPU.Build.0 = Release|Any CPU
	EndGlobalSection
	GlobalSection(SolutionProperties) = preSolution
		HideSolutionNode = FALSE
	EndGlobalSection
	GlobalSection(ExtensibilityGlobals) = postSolution
		SolutionGuid = {97C7317C-1BF8-46CD-9FBB-E3E401DE4970}
	EndGlobalSection
EndGlobal
