
Microsoft Visual Studio Solution File, Format Version 12.00
# Visual Studio Version 16
VisualStudioVersion = 16.0.30503.244
MinimumVisualStudioVersion = 10.0.40219.1
Project("{FAE04EC0-301F-11D3-BF4B-00C04F79EFBC}") = "JBFuelEconomy.Android", "JBFuelEconomy\JBFuelEconomy.Android\JBFuelEconomy.Android.csproj", "{43056107-2980-4C1D-8A44-C5CA9F84E4E8}"
EndProject
Project("{FAE04EC0-301F-11D3-BF4B-00C04F79EFBC}") = "JBFuelEconomy", "JBFuelEconomy\JBFuelEconomy\JBFuelEconomy.csproj", "{A2CB3875-AD28-4507-A04B-88BC2958D806}"
EndProject
Global
	GlobalSection(SolutionConfigurationPlatforms) = preSolution
		Debug|Any CPU = Debug|Any CPU
		Release|Any CPU = Release|Any CPU
	EndGlobalSection
	GlobalSection(ProjectConfigurationPlatforms) = postSolution
		{43056107-2980-4C1D-8A44-C5CA9F84E4E8}.Debug|Any CPU.ActiveCfg = Debug|Any CPU
		{43056107-2980-4C1D-8A44-C5CA9F84E4E8}.Debug|Any CPU.Build.0 = Debug|Any CPU
		{43056107-2980-4C1D-8A44-C5CA9F84E4E8}.Debug|Any CPU.Deploy.0 = Debug|Any CPU
		{43056107-2980-4C1D-8A44-C5CA9F84E4E8}.Release|Any CPU.ActiveCfg = Release|Any CPU
		{43056107-2980-4C1D-8A44-C5CA9F84E4E8}.Release|Any CPU.Build.0 = Release|Any CPU
		{43056107-2980-4C1D-8A44-C5CA9F84E4E8}.Release|Any CPU.Deploy.0 = Release|Any CPU
		{A2CB3875-AD28-4507-A04B-88BC2958D806}.Debug|Any CPU.ActiveCfg = Debug|Any CPU
		{A2CB3875-AD28-4507-A04B-88BC2958D806}.Debug|Any CPU.Build.0 = Debug|Any CPU
		{A2CB3875-AD28-4507-A04B-88BC2958D806}.Debug|Any CPU.Deploy.0 = Debug|Any CPU
		{A2CB3875-AD28-4507-A04B-88BC2958D806}.Release|Any CPU.ActiveCfg = Release|Any CPU
		{A2CB3875-AD28-4507-A04B-88BC2958D806}.Release|Any CPU.Build.0 = Release|Any CPU
		{A2CB3875-AD28-4507-A04B-88BC2958D806}.Release|Any CPU.Deploy.0 = Release|Any CPU
	EndGlobalSection
	GlobalSection(SolutionProperties) = preSolution
		HideSolutionNode = FALSE
	EndGlobalSection
	GlobalSection(ExtensibilityGlobals) = postSolution
		SolutionGuid = {8CFDAE22-8702-4BC4-9195-32DD47C7CD65}
	EndGlobalSection
EndGlobal
